{
  "name": "sample",
  "version": "0.0.0",
  "dependencies": {
    "accepts": {
      "version": "1.2.13",
      "from": "accepts@>=1.2.12 <1.3.0",
      "resolved": "./node_shrinkwrap/accepts-1.2.13.tar"
    },
    "amdefine": {
      "version": "1.0.0",
      "from": "amdefine@>=0.0.4",
      "resolved": "./node_shrinkwrap/amdefine-1.0.0.tar"
    },
    "array-flatten": {
      "version": "1.1.1",
      "from": "array-flatten@1.1.1",
      "resolved": "./node_shrinkwrap/array-flatten-1.1.1.tar"
    },
    "async": {
      "version": "1.5.2",
      "from": "async@>=1.4.0 <2.0.0",
      "resolved": "./node_shrinkwrap/async-1.5.2.tar"
    },
    "basic-auth": {
      "version": "1.0.4",
      "from": "basic-auth@>=1.0.3 <1.1.0",
      "resolved": "./node_shrinkwrap/basic-auth-1.0.4.tar"
    },
    "body-parser": {
      "version": "1.15.2",
      "from": "body-parser@>=1.15.1 <1.16.0",
      "resolved": "./node_shrinkwrap/body-parser-1.15.2.tar"
    },
    "bytes": {
      "version": "2.4.0",
      "from": "bytes@2.4.0",
      "resolved": "./node_shrinkwrap/bytes-2.4.0.tar"
    },
    "camelcase": {
      "version": "1.2.1",
      "from": "camelcase@>=1.0.2 <2.0.0",
      "resolved": "./node_shrinkwrap/camelcase-1.2.1.tar"
    },
    "content-disposition": {
      "version": "0.5.1",
      "from": "content-disposition@0.5.1",
      "resolved": "./node_shrinkwrap/content-disposition-0.5.1.tar"
    },
    "content-type": {
      "version": "1.0.2",
      "from": "content-type@>=1.0.2 <1.1.0",
      "resolved": "./node_shrinkwrap/content-type-1.0.2.tar"
    },
    "cookie": {
      "version": "0.3.1",
      "from": "cookie@0.3.1",
      "resolved": "./node_shrinkwrap/cookie-0.3.1.tar"
    },
    "cookie-parser": {
      "version": "1.4.3",
      "from": "cookie-parser@>=1.4.3 <1.5.0",
      "resolved": "./node_shrinkwrap/cookie-parser-1.4.3.tar"
    },
    "cookie-signature": {
      "version": "1.0.6",
      "from": "cookie-signature@1.0.6",
      "resolved": "./node_shrinkwrap/cookie-signature-1.0.6.tar"
    },
    "debug": {
      "version": "2.2.0",
      "from": "debug@>=2.2.0 <2.3.0",
      "resolved": "./node_shrinkwrap/debug-2.2.0.tar"
    },
    "decamelize": {
      "version": "1.2.0",
      "from": "decamelize@>=1.0.0 <2.0.0",
      "resolved": "./node_shrinkwrap/decamelize-1.2.0.tar"
    },
    "depd": {
      "version": "1.1.0",
      "from": "depd@>=1.1.0 <1.2.0",
      "resolved": "./node_shrinkwrap/depd-1.1.0.tar"
    },
    "destroy": {
      "version": "1.0.4",
      "from": "destroy@>=1.0.4 <1.1.0",
      "resolved": "./node_shrinkwrap/destroy-1.0.4.tar"
    },
    "double-ended-queue": {
      "version": "2.1.0-0",
      "from": "double-ended-queue@>=2.1.0-0 <3.0.0",
      "resolved": "./node_shrinkwrap/double-ended-queue-2.1.0-0.tar"
    },
    "ee-first": {
      "version": "1.1.1",
      "from": "ee-first@1.1.1",
      "resolved": "./node_shrinkwrap/ee-first-1.1.1.tar"
    },
    "escape-html": {
      "version": "1.0.3",
      "from": "escape-html@>=1.0.3 <1.1.0",
      "resolved": "./node_shrinkwrap/escape-html-1.0.3.tar"
    },
    "etag": {
      "version": "1.7.0",
      "from": "etag@>=1.7.0 <1.8.0",
      "resolved": "./node_shrinkwrap/etag-1.7.0.tar"
    },
    "express": {
      "version": "4.13.4",
      "from": "express@>=4.13.4 <4.14.0",
      "resolved": "./node_shrinkwrap/express-4.13.4.tar",
      "dependencies": {
        "cookie": {
          "version": "0.1.5",
          "from": "cookie@0.1.5",
          "resolved": "./node_shrinkwrap/cookie-0.1.5.tar"
        },
        "qs": {
          "version": "4.0.0",
          "from": "qs@4.0.0",
          "resolved": "./node_shrinkwrap/qs-4.0.0.tar"
        }
      }
    },
    "faker": {
      "version": "3.1.0",
      "from": "faker@latest",
      "resolved": "./node_shrinkwrap/faker-3.1.0.tar"
    },
    "finalhandler": {
      "version": "0.4.1",
      "from": "finalhandler@0.4.1",
      "resolved": "./node_shrinkwrap/finalhandler-0.4.1.tar"
    },
    "forEachAsync": {
      "version": "2.2.1",
      "from": "forEachAsync@>=2.2.0 <2.3.0",
      "resolved": "./node_shrinkwrap/forEachAsync-2.2.1.tar"
    },
    "forwarded": {
      "version": "0.1.0",
      "from": "forwarded@>=0.1.0 <0.2.0",
      "resolved": "./node_shrinkwrap/forwarded-0.1.0.tar"
    },
    "fresh": {
      "version": "0.3.0",
      "from": "fresh@0.3.0",
      "resolved": "./node_shrinkwrap/fresh-0.3.0.tar"
    },
    "handlebars": {
      "version": "4.0.3",
      "from": "handlebars@4.0.3",
      "resolved": "./node_shrinkwrap/handlebars-4.0.3.tar"
    },
    "hbs": {
      "version": "4.0.0",
      "from": "hbs@>=4.0.0 <4.1.0",
      "resolved": "./node_shrinkwrap/hbs-4.0.0.tar"
    },
    "http-errors": {
      "version": "1.5.0",
      "from": "http-errors@>=1.5.0 <1.6.0",
      "resolved": "./node_shrinkwrap/http-errors-1.5.0.tar"
    },
    "iconv-lite": {
      "version": "0.4.13",
      "from": "iconv-lite@0.4.13",
      "resolved": "./node_shrinkwrap/iconv-lite-0.4.13.tar"
    },
    "inherits": {
      "version": "2.0.1",
      "from": "inherits@2.0.1",
      "resolved": "./node_shrinkwrap/inherits-2.0.1.tar"
    },
    "ipaddr.js": {
      "version": "1.0.5",
      "from": "ipaddr.js@1.0.5",
      "resolved": "./node_shrinkwrap/ipaddr.js-1.0.5.tar"
    },
    "media-typer": {
      "version": "0.3.0",
      "from": "media-typer@0.3.0",
      "resolved": "./node_shrinkwrap/media-typer-0.3.0.tar"
    },
    "merge-descriptors": {
      "version": "1.0.1",
      "from": "merge-descriptors@1.0.1",
      "resolved": "./node_shrinkwrap/merge-descriptors-1.0.1.tar"
    },
    "methods": {
      "version": "1.1.2",
      "from": "methods@>=1.1.2 <1.2.0",
      "resolved": "./node_shrinkwrap/methods-1.1.2.tar"
    },
    "mime": {
      "version": "1.3.4",
      "from": "mime@1.3.4",
      "resolved": "./node_shrinkwrap/mime-1.3.4.tar"
    },
    "mime-db": {
      "version": "1.23.0",
      "from": "mime-db@>=1.23.0 <1.24.0",
      "resolved": "./node_shrinkwrap/mime-db-1.23.0.tar"
    },
    "mime-types": {
      "version": "2.1.11",
      "from": "mime-types@>=2.1.11 <2.2.0",
      "resolved": "./node_shrinkwrap/mime-types-2.1.11.tar"
    },
    "minimist": {
      "version": "0.0.10",
      "from": "minimist@>=0.0.1 <0.1.0",
      "resolved": "./node_shrinkwrap/minimist-0.0.10.tar"
    },
    "morgan": {
      "version": "1.7.0",
      "from": "morgan@>=1.7.0 <1.8.0",
      "resolved": "./node_shrinkwrap/morgan-1.7.0.tar"
    },
    "ms": {
      "version": "0.7.1",
      "from": "ms@0.7.1",
      "resolved": "./node_shrinkwrap/ms-0.7.1.tar"
    },
    "negotiator": {
      "version": "0.5.3",
      "from": "negotiator@0.5.3",
      "resolved": "./node_shrinkwrap/negotiator-0.5.3.tar"
    },
    "on-finished": {
      "version": "2.3.0",
      "from": "on-finished@>=2.3.0 <2.4.0",
      "resolved": "./node_shrinkwrap/on-finished-2.3.0.tar"
    },
    "on-headers": {
      "version": "1.0.1",
      "from": "on-headers@>=1.0.1 <1.1.0",
      "resolved": "./node_shrinkwrap/on-headers-1.0.1.tar"
    },
    "optimist": {
      "version": "0.6.1",
      "from": "optimist@>=0.6.1 <0.7.0",
      "resolved": "./node_shrinkwrap/optimist-0.6.1.tar"
    },
    "parseurl": {
      "version": "1.3.1",
      "from": "parseurl@>=1.3.1 <1.4.0",
      "resolved": "./node_shrinkwrap/parseurl-1.3.1.tar"
    },
    "path-to-regexp": {
      "version": "0.1.7",
      "from": "path-to-regexp@0.1.7",
      "resolved": "./node_shrinkwrap/path-to-regexp-0.1.7.tar"
    },
    "proxy-addr": {
      "version": "1.0.10",
      "from": "proxy-addr@>=1.0.10 <1.1.0",
      "resolved": "./node_shrinkwrap/proxy-addr-1.0.10.tar"
    },
    "qs": {
      "version": "6.2.0",
      "from": "qs@6.2.0",
      "resolved": "./node_shrinkwrap/qs-6.2.0.tar"
    },
    "range-parser": {
      "version": "1.0.3",
      "from": "range-parser@>=1.0.3 <1.1.0",
      "resolved": "./node_shrinkwrap/range-parser-1.0.3.tar"
    },
    "raw-body": {
      "version": "2.1.7",
      "from": "raw-body@>=2.1.7 <2.2.0",
      "resolved": "./node_shrinkwrap/raw-body-2.1.7.tar"
    },
    "redis": {
      "version": "2.6.2",
      "from": "redis@latest",
      "resolved": "./node_shrinkwrap/redis-2.6.2.tar"
    },
    "redis-commands": {
      "version": "1.2.0",
      "from": "redis-commands@>=1.2.0 <2.0.0",
      "resolved": "./node_shrinkwrap/redis-commands-1.2.0.tar"
    },
    "redis-parser": {
      "version": "2.0.4",
      "from": "redis-parser@>=2.0.0 <3.0.0",
      "resolved": "./node_shrinkwrap/redis-parser-2.0.4.tar"
    },
    "send": {
      "version": "0.13.1",
      "from": "send@0.13.1",
      "resolved": "./node_shrinkwrap/send-0.13.1.tar",
      "dependencies": {
        "http-errors": {
          "version": "1.3.1",
          "from": "http-errors@>=1.3.1 <1.4.0",
          "resolved": "./node_shrinkwrap/http-errors-1.3.1.tar"
        },
        "statuses": {
          "version": "1.2.1",
          "from": "statuses@>=1.2.1 <1.3.0",
          "resolved": "./node_shrinkwrap/statuses-1.2.1.tar"
        }
      }
    },
    "sequence": {
      "version": "2.2.1",
      "from": "sequence@>=2.0.0 <3.0.0",
      "resolved": "./node_shrinkwrap/sequence-2.2.1.tar"
    },
    "serve-favicon": {
      "version": "2.3.0",
      "from": "serve-favicon@>=2.3.0 <2.4.0",
      "resolved": "./node_shrinkwrap/serve-favicon-2.3.0.tar"
    },
    "serve-static": {
      "version": "1.10.3",
      "from": "serve-static@>=1.10.2 <1.11.0",
      "resolved": "./node_shrinkwrap/serve-static-1.10.3.tar",
      "dependencies": {
        "http-errors": {
          "version": "1.3.1",
          "from": "http-errors@>=1.3.1 <1.4.0",
          "resolved": "./node_shrinkwrap/http-errors-1.3.1.tar"
        },
        "send": {
          "version": "0.13.2",
          "from": "send@0.13.2",
          "resolved": "./node_shrinkwrap/send-0.13.2.tar"
        },
        "statuses": {
          "version": "1.2.1",
          "from": "statuses@>=1.2.1 <1.3.0",
          "resolved": "./node_shrinkwrap/statuses-1.2.1.tar"
        }
      }
    },
    "setprototypeof": {
      "version": "1.0.1",
      "from": "setprototypeof@1.0.1",
      "resolved": "./node_shrinkwrap/setprototypeof-1.0.1.tar"
    },
    "source-map": {
      "version": "0.4.4",
      "from": "source-map@>=0.4.4 <0.5.0",
      "resolved": "./node_shrinkwrap/source-map-0.4.4.tar"
    },
    "statuses": {
      "version": "1.3.0",
      "from": "statuses@>=1.3.0 <2.0.0",
      "resolved": "./node_shrinkwrap/statuses-1.3.0.tar"
    },
    "type-is": {
      "version": "1.6.13",
      "from": "type-is@>=1.6.13 <1.7.0",
      "resolved": "./node_shrinkwrap/type-is-1.6.13.tar"
    },
    "uglify-js": {
      "version": "2.4.24",
      "from": "uglify-js@>=2.4.0 <2.5.0",
      "resolved": "./node_shrinkwrap/uglify-js-2.4.24.tar",
      "dependencies": {
        "async": {
          "version": "0.2.10",
          "from": "async@>=0.2.6 <0.3.0",
          "resolved": "./node_shrinkwrap/async-0.2.10.tar"
        },
        "source-map": {
          "version": "0.1.34",
          "from": "source-map@0.1.34",
          "resolved": "./node_shrinkwrap/source-map-0.1.34.tar"
        }
      }
    },
    "uglify-to-browserify": {
      "version": "1.0.2",
      "from": "uglify-to-browserify@>=1.0.0 <1.1.0",
      "resolved": "./node_shrinkwrap/uglify-to-browserify-1.0.2.tar"
    },
    "unpipe": {
      "version": "1.0.0",
      "from": "unpipe@1.0.0",
      "resolved": "./node_shrinkwrap/unpipe-1.0.0.tar"
    },
    "utils-merge": {
      "version": "1.0.0",
      "from": "utils-merge@1.0.0",
      "resolved": "./node_shrinkwrap/utils-merge-1.0.0.tar"
    },
    "vary": {
      "version": "1.0.1",
      "from": "vary@>=1.0.1 <1.1.0",
      "resolved": "./node_shrinkwrap/vary-1.0.1.tar"
    },
    "walk": {
      "version": "2.2.1",
      "from": "walk@2.2.1",
      "resolved": "./node_shrinkwrap/walk-2.2.1.tar"
    },
    "window-size": {
      "version": "0.1.0",
      "from": "window-size@0.1.0",
      "resolved": "./node_shrinkwrap/window-size-0.1.0.tar"
    },
    "wordwrap": {
      "version": "0.0.3",
      "from": "wordwrap@>=0.0.2 <0.1.0",
      "resolved": "./node_shrinkwrap/wordwrap-0.0.3.tar"
    },
    "yargs": {
      "version": "3.5.4",
      "from": "yargs@>=3.5.4 <3.6.0",
      "resolved": "./node_shrinkwrap/yargs-3.5.4.tar",
      "dependencies": {
        "wordwrap": {
          "version": "0.0.2",
          "from": "wordwrap@0.0.2",
          "resolved": "./node_shrinkwrap/wordwrap-0.0.2.tar"
        }
      }
    }
  }
}